
Microsoft Visual Studio Solution File, Format Version 12.00
# Visual Studio Version 17
VisualStudioVersion = 17.13.35931.197
MinimumVisualStudioVersion = 10.0.40219.1
Project("{FAE04EC0-301F-11D3-BF4B-00C04F79EFBC}") = "WorkFinder", "Tomal\WorkFinder.csproj", "{22C993F1-6F0C-4A6B-B7FB-2C7079BD5743}"
EndProject
Global
	GlobalSection(SolutionConfigurationPlatforms) = preSolution
		Debug|Any CPU = Debug|Any CPU
		Release|Any CPU = Release|Any CPU
	EndGlobalSection
	GlobalSection(ProjectConfigurationPlatforms) = postSolution
		{22C993F1-6F0C-4A6B-B7FB-2C7079BD5743}.Debug|Any CPU.ActiveCfg = Debug|Any CPU
		{22C993F1-6F0C-4A6B-B7FB-2C7079BD5743}.Debug|Any CPU.Build.0 = Debug|Any CPU
		{22C993F1-6F0C-4A6B-B7FB-2C7079BD5743}.Release|Any CPU.ActiveCfg = Release|Any CPU
		{22C993F1-6F0C-4A6B-B7FB-2C7079BD5743}.Release|Any CPU.Build.0 = Release|Any CPU
	EndGlobalSection
	GlobalSection(SolutionProperties) = preSolution
		HideSolutionNode = FALSE
	EndGlobalSection
	GlobalSection(ExtensibilityGlobals) = postSolution
		SolutionGuid = {D7E0B6E0-84C1-43B9-BFCA-D7C0D85A7C86}
	EndGlobalSection
EndGlobal
